
Microsoft Visual Studio Solution File, Format Version 12.00
# Visual Studio Version 16
VisualStudioVersion = 16.0.32106.194
MinimumVisualStudioVersion = 10.0.40219.1
Project("{9A19103F-16F7-4668-BE54-9A1E7A4F7556}") = "StockProject", "StockProject\StockProject.csproj", "{14C4238E-B278-475E-AFB1-A592EEA6368B}"
EndProject
Project("{FAE04EC0-301F-11D3-BF4B-00C04F79EFBC}") = "StockProject.Tests", "StockProject.Tests\StockProject.Tests.csproj", "{97B554C1-DAF0-4BBE-B9F5-C92E16DE0001}"
EndProject
Global
	GlobalSection(SolutionConfigurationPlatforms) = preSolution
		Debug|Any CPU = Debug|Any CPU
		Release|Any CPU = Release|Any CPU
	EndGlobalSection
	GlobalSection(ProjectConfigurationPlatforms) = postSolution
		{14C4238E-B278-475E-AFB1-A592EEA6368B}.Debug|Any CPU.ActiveCfg = Debug|Any CPU
		{14C4238E-B278-475E-AFB1-A592EEA6368B}.Debug|Any CPU.Build.0 = Debug|Any CPU
		{14C4238E-B278-475E-AFB1-A592EEA6368B}.Release|Any CPU.ActiveCfg = Release|Any CPU
		{14C4238E-B278-475E-AFB1-A592EEA6368B}.Release|Any CPU.Build.0 = Release|Any CPU
		{97B554C1-DAF0-4BBE-B9F5-C92E16DE0001}.Debug|Any CPU.ActiveCfg = Debug|Any CPU
		{97B554C1-DAF0-4BBE-B9F5-C92E16DE0001}.Debug|Any CPU.Build.0 = Debug|Any CPU
		{97B554C1-DAF0-4BBE-B9F5-C92E16DE0001}.Release|Any CPU.ActiveCfg = Release|Any CPU
		{97B554C1-DAF0-4BBE-B9F5-C92E16DE0001}.Release|Any CPU.Build.0 = Release|Any CPU
	EndGlobalSection
	GlobalSection(SolutionProperties) = preSolution
		HideSolutionNode = FALSE
	EndGlobalSection
	GlobalSection(ExtensibilityGlobals) = postSolution
		SolutionGuid = {5A2C2C0E-3511-464F-BA88-EC64800213B5}
	EndGlobalSection
EndGlobal
